
Microsoft Visual Studio Solution File, Format Version 12.00
# Visual Studio Version 17
VisualStudioVersion = 17.11.35312.102
MinimumVisualStudioVersion = 10.0.40219.1
Project("{FAE04EC0-301F-11D3-BF4B-00C04F79EFBC}") = "7 Days To Die - Server Launcher", "7 Days To Die - Server Launcher.csproj", "{D55CEEAC-3B74-4E2A-AFFA-07B515E915B0}"
EndProject
Global
	GlobalSection(SolutionConfigurationPlatforms) = preSolution
		Debug|Any CPU = Debug|Any CPU
		Release|Any CPU = Release|Any CPU
	EndGlobalSection
	GlobalSection(ProjectConfigurationPlatforms) = postSolution
		{D55CEEAC-3B74-4E2A-AFFA-07B515E915B0}.Debug|Any CPU.ActiveCfg = Debug|Any CPU
		{D55CEEAC-3B74-4E2A-AFFA-07B515E915B0}.Debug|Any CPU.Build.0 = Debug|Any CPU
		{D55CEEAC-3B74-4E2A-AFFA-07B515E915B0}.Release|Any CPU.ActiveCfg = Release|Any CPU
		{D55CEEAC-3B74-4E2A-AFFA-07B515E915B0}.Release|Any CPU.Build.0 = Release|Any CPU
	EndGlobalSection
	GlobalSection(SolutionProperties) = preSolution
		HideSolutionNode = FALSE
	EndGlobalSection
	GlobalSection(ExtensibilityGlobals) = postSolution
		SolutionGuid = {81668F89-248B-4987-B878-1422D6A74D77}
	EndGlobalSection
EndGlobal
